PODS:
  - ConcaveHull (1.1.0)
  - Nimble (7.3.2)
  - Quick (1.3.2)
  - SwiftLint (0.30.0)

DEPENDENCIES:
  - ConcaveHull (from `../`)
  - Nimble
  - Quick
  - SwiftLint

SPEC REPOS:
  https://github.com/cocoapods/specs.git:
    - Nimble
    - Quick
    - SwiftLint

EXTERNAL SOURCES:
  ConcaveHull:
    :path: "../"

SPEC CHECKSUMS:
  ConcaveHull: 9c6d937e5ce1ec3bd70e02a44ece42719426b5fe
  Nimble: 5e94a8cacb355943c6c87198035dc4adbb0f10e4
  Quick: 2623cb30d7a7f41ca62f684f679586558f483d46
  SwiftLint: 4e37cb5cd33435170dfd09fba089f41fdbf64d53

PODFILE CHECKSUM: 5ae2f8d5eab32e8ca180ee039a0bb7f6e0228d46

COCOAPODS: 1.5.3
